version = 1
revision = 3
requires-python = ">=3.12"

[[package]]
name = "bcrypt"
version = "4.1.2"
source = { registry = "https://pypi.org/simple" }
sdist = { url = "https://files.pythonhosted.org/packages/72/07/6a6f2047a9dc9d012b7b977e4041d37d078b76b44b7ee4daf331c1e6fb35/bcrypt-4.1.2.tar.gz", hash = "sha256:33313a1200a3ae90b75587ceac502b048b840fc69e7f7a0905b5f87fac7a1258", size = 26356, upload-time = "2023-12-15T14:53:25.981Z" }
wheels = [
    { url = "https://files.pythonhosted.org/packages/df/cc/5a73c2ecfa9f255423530e8aeaceb0590da12e4c83c99fdac17093f5ce42/bcrypt-4.1.2-cp37-abi3-macosx_10_12_universal2.whl", hash = "sha256:ac621c093edb28200728a9cca214d7e838529e557027ef0581685909acd28b5e", size = 528438, upload-time = "2023-12-15T14:52:41.282Z" },
    { url = "https://files.pythonhosted.org/packages/22/2e/32c1810b8470aca98c33892fc8c559c1be95eba711cb1bb82fbbf2a4752a/bcrypt-4.1.2-cp37-abi3-manylinux_2_17_aarch64.manylinux2014_aarch64.whl", hash = "sha256:ea505c97a5c465ab8c3ba75c0805a102ce526695cd6818c6de3b1a38f6f60da1", size = 695692, upload-time = "2023-12-15T14:52:43.585Z" },
    { url = "https://files.pythonhosted.org/packages/41/ed/e446078ebe94d8ccac7170ff4bab83d8c86458c6fcfc7c5a4b449974fdd6/bcrypt-4.1.2-cp37-abi3-manylinux_2_17_x86_64.manylinux2014_x86_64.whl", hash = "sha256:57fa9442758da926ed33a91644649d3e340a71e2d0a5a8de064fb621fd5a3326", size = 699072, upload-time = "2023-12-15T14:52:45.688Z" },
    { url = "https://files.pythonhosted.org/packages/6d/7c/761ab4586beb7aa14b3fa2f382794746a218fffe1d22d9e10926200c8ccd/bcrypt-4.1.2-cp37-abi3-manylinux_2_28_aarch64.whl", hash = "sha256:eb3bd3321517916696233b5e0c67fd7d6281f0ef48e66812db35fc963a422a1c", size = 695934, upload-time = "2023-12-15T14:52:47.098Z" },
    { url = "https://files.pythonhosted.org/packages/91/21/6350647549656138a067788d67bdb5ee89ffc2f025618ebf60d3806274c4/bcrypt-4.1.2-cp37-abi3-manylinux_2_28_x86_64.whl", hash = "sha256:6cad43d8c63f34b26aef462b6f5e44fdcf9860b723d2453b5d391258c4c8e966", size = 699120, upload-time = "2023-12-15T14:52:48.557Z" },
    { url = "https://files.pythonhosted.org/packages/54/fc/fd9a299d4dfd7da38b4570e487ea2465fb92021ab31a08bd66b3caba0baa/bcrypt-4.1.2-cp37-abi3-musllinux_1_1_aarch64.whl", hash = "sha256:44290ccc827d3a24604f2c8bcd00d0da349e336e6503656cb8192133e27335e2", size = 725857, upload-time = "2023-12-15T14:52:49.942Z" },
    { url = "https://files.pythonhosted.org/packages/5a/5b/dfcd8b7422a8f3b4ce3d28d64307e2f3502e3b5c540dde35eccda2d6c763/bcrypt-4.1.2-cp37-abi3-musllinux_1_1_x86_64.whl", hash = "sha256:732b3920a08eacf12f93e6b04ea276c489f1c8fb49344f564cca2adb663b3e4c", size = 730079, upload-time = "2023-12-15T14:52:51.902Z" },
    { url = "https://files.pythonhosted.org/packages/21/d9/7924b194b3aa9bcc39f4592470995841efe71015cb8a79abae9bb043ec28/bcrypt-4.1.2-cp37-abi3-musllinux_1_2_aarch64.whl", hash = "sha256:1c28973decf4e0e69cee78c68e30a523be441972c826703bb93099868a8ff5b5", size = 732432, upload-time = "2023-12-15T14:52:53.478Z" },
    { url = "https://files.pythonhosted.org/packages/bf/26/ec53ccf5cadc81891d53cf0c117cff0f973d98cab6e9d6979578ca5aceeb/bcrypt-4.1.2-cp37-abi3-musllinux_1_2_x86_64.whl", hash = "sha256:b8df79979c5bae07f1db22dcc49cc5bccf08a0380ca5c6f391cbb5790355c0b0", size = 750035, upload-time = "2023-12-15T14:52:54.829Z" },
    { url = "https://files.pythonhosted.org/packages/b0/df/a1ac4188ee865236aba0a747773985a0f39211037f75a2d881a3be206a4e/bcrypt-4.1.2-cp37-abi3-win32.whl", hash = "sha256:fbe188b878313d01b7718390f31528be4010fed1faa798c5a1d0469c9c48c369", size = 171222, upload-time = "2023-12-15T14:52:56.796Z" },
    { url = "https://files.pythonhosted.org/packages/a1/c8/09eb0bd262b8b64f5ce99cb7f99984769fd1dbf35bdcd63d41a7b713c09f/bcrypt-4.1.2-cp37-abi3-win_amd64.whl", hash = "sha256:9800ae5bd5077b13725e2e3934aa3c9c37e49d3ea3d06318010aa40f54c63551", size = 158340, upload-time = "2023-12-15T14:52:58.7Z" },
    { url = "https://files.pythonhosted.org/packages/a4/72/a1276d2fbf5d1af0e29ff9fb5220ce1d49a5f94ccbfb4f9141c963ff9d0e/bcrypt-4.1.2-cp39-abi3-macosx_10_12_universal2.whl", hash = "sha256:71b8be82bc46cedd61a9f4ccb6c1a493211d031415a34adde3669ee1b0afbb63", size = 528460, upload-time = "2023-12-15T14:53:00.723Z" },
    { url = "https://files.pythonhosted.org/packages/42/c4/13c4bba7e25633b2e94724c642aa93ce376c476d80ecd50d73f0fe2eb38f/bcrypt-4.1.2-cp39-abi3-manylinux_2_17_aarch64.manylinux2014_aarch64.whl", hash = "sha256:68e3c6642077b0c8092580c819c1684161262b2e30c4f45deb000c38947bf483", size = 695634, upload-time = "2023-12-15T14:53:02.761Z" },
    { url = "https://files.pythonhosted.org/packages/72/3d/925adb5f5bef7616b504227a431fcaadd9630044802b5c81a31a560b4369/bcrypt-4.1.2-cp39-abi3-manylinux_2_17_x86_64.manylinux2014_x86_64.whl", hash = "sha256:387e7e1af9a4dd636b9505a465032f2f5cb8e61ba1120e79a0e1cd0b512f3dfc", size = 698763, upload-time = "2023-12-15T14:53:04.781Z" },
    { url = "https://files.pythonhosted.org/packages/b6/1b/1c1cf4efe142dfe6fab912c16766d3eab65b87f33f1d13a08238afce5fdf/bcrypt-4.1.2-cp39-abi3-manylinux_2_28_aarch64.whl", hash = "sha256:f70d9c61f9c4ca7d57f3bfe88a5ccf62546ffbadf3681bb1e268d9d2e41c91a7", size = 695781, upload-time = "2023-12-15T14:53:06.858Z" },
    { url = "https://files.pythonhosted.org/packages/42/9d/a88027b5a8752f4b1831d957470f48e23cebc112aaf762880f3adbfba9cf/bcrypt-4.1.2-cp39-abi3-manylinux_2_28_x86_64.whl", hash = "sha256:2a298db2a8ab20056120b45e86c00a0a5eb50ec4075b6142db35f593b97cb3fb", size = 698875, upload-time = "2023-12-15T14:53:09.013Z" },
    { url = "https://files.pythonhosted.org/packages/05/76/6232380b99d85a2154ae06966b4bf6ce805878a7a92c3211295063b0b6be/bcrypt-4.1.2-cp39-abi3-musllinux_1_1_aarch64.whl", hash = "sha256:ba55e40de38a24e2d78d34c2d36d6e864f93e0d79d0b6ce915e4335aa81d01b1", size = 725674, upload-time = "2023-12-15T14:53:10.436Z" },
    { url = "https://files.pythonhosted.org/packages/ac/c5/243674ec98288af9da31f5b137686746986d5d298dc520e243032160fd1b/bcrypt-4.1.2-cp39-abi3-musllinux_1_1_x86_64.whl", hash = "sha256:3566a88234e8de2ccae31968127b0ecccbb4cddb629da744165db72b58d88ca4", size = 729832, upload-time = "2023-12-15T14:53:12.391Z" },
    { url = "https://files.pythonhosted.org/packages/88/fd/6025f5530e6ac2513404aa2ab3fb935b9d992dbf24f255f03b5972dace74/bcrypt-4.1.2-cp39-abi3-musllinux_1_2_aarch64.whl", hash = "sha256:b90e216dc36864ae7132cb151ffe95155a37a14e0de3a8f64b49655dd959ff9c", size = 732222, upload-time = "2023-12-15T14:53:14.133Z" },
    { url = "https://files.pythonhosted.org/packages/85/23/756228cbc426049c264c86d163ec1b4fb1b06114f26b25fb63132af56126/bcrypt-4.1.2-cp39-abi3-musllinux_1_2_x86_64.whl", hash = "sha256:69057b9fc5093ea1ab00dd24ede891f3e5e65bee040395fb1e66ee196f9c9b4a", size = 749705, upload-time = "2023-12-15T14:53:15.563Z" },
    { url = "https://files.pythonhosted.org/packages/ca/9e/abc56ba85897eeca1f3755343a7b6b55f63c048516ebc5790145a7cdfddb/bcrypt-4.1.2-cp39-abi3-win32.whl", hash = "sha256:02d9ef8915f72dd6daaef40e0baeef8a017ce624369f09754baf32bb32dba25f", size = 170970, upload-time = "2023-12-15T14:53:17.084Z" },
    { url = "https://files.pythonhosted.org/packages/53/5b/73803e5bf877e07739deaeecb2e356f4cc9ae3b766558959a898f7a993e0/bcrypt-4.1.2-cp39-abi3-win_amd64.whl", hash = "sha256:be3ab1071662f6065899fe08428e45c16aa36e28bc42921c4901a191fda6ee42", size = 158307, upload-time = "2023-12-15T14:53:18.422Z" },
]

[[package]]
name = "oteri"
version = "0.1.0"
source = { editable = "." }
dependencies = [
    { name = "bcrypt" },
]

[package.metadata]
requires-dist = [{ name = "bcrypt", specifier = "==4.1.2" }]
